
Microsoft Visual Studio Solution File, Format Version 12.00
# Visual Studio for Mac
Project("{FAE04EC0-301F-11D3-BF4B-00C04F79EFBC}") = "Assembly-CSharp", "Assembly-CSharp.csproj", "{998D12C8-E31C-43A2-A54A-D432F434A2F5}"
EndProject
Project("{FAE04EC0-301F-11D3-BF4B-00C04F79EFBC}") = "VuforiaScripts", "VuforiaScripts.csproj", "{986FE192-62CC-B683-7EF3-763ED1ED9A59}"
EndProject
Project("{FAE04EC0-301F-11D3-BF4B-00C04F79EFBC}") = "VuforiaEditorScripts", "VuforiaEditorScripts.csproj", "{EDED165B-1023-ED76-75F1-3FC33734CD3C}"
EndProject
Global
	GlobalSection(SolutionConfigurationPlatforms) = preSolution
		Debug|Any CPU = Debug|Any CPU
		Release|Any CPU = Release|Any CPU
	EndGlobalSection
	GlobalSection(ProjectConfigurationPlatforms) = postSolution
		{998D12C8-E31C-43A2-A54A-D432F434A2F5}.Debug|Any CPU.ActiveCfg = Debug|Any CPU
		{998D12C8-E31C-43A2-A54A-D432F434A2F5}.Debug|Any CPU.Build.0 = Debug|Any CPU
		{998D12C8-E31C-43A2-A54A-D432F434A2F5}.Release|Any CPU.ActiveCfg = Release|Any CPU
		{998D12C8-E31C-43A2-A54A-D432F434A2F5}.Release|Any CPU.Build.0 = Release|Any CPU
		{986FE192-62CC-B683-7EF3-763ED1ED9A59}.Debug|Any CPU.ActiveCfg = Debug|Any CPU
		{986FE192-62CC-B683-7EF3-763ED1ED9A59}.Debug|Any CPU.Build.0 = Debug|Any CPU
		{986FE192-62CC-B683-7EF3-763ED1ED9A59}.Release|Any CPU.ActiveCfg = Release|Any CPU
		{986FE192-62CC-B683-7EF3-763ED1ED9A59}.Release|Any CPU.Build.0 = Release|Any CPU
		{EDED165B-1023-ED76-75F1-3FC33734CD3C}.Debug|Any CPU.ActiveCfg = Debug|Any CPU
		{EDED165B-1023-ED76-75F1-3FC33734CD3C}.Debug|Any CPU.Build.0 = Debug|Any CPU
		{EDED165B-1023-ED76-75F1-3FC33734CD3C}.Release|Any CPU.ActiveCfg = Release|Any CPU
		{EDED165B-1023-ED76-75F1-3FC33734CD3C}.Release|Any CPU.Build.0 = Release|Any CPU
	EndGlobalSection
	GlobalSection(SolutionProperties) = preSolution
		HideSolutionNode = FALSE
	EndGlobalSection
EndGlobal
